
Microsoft Visual Studio Solution File, Format Version 12.00
# Visual Studio Version 16
VisualStudioVersion = 16.0.29806.167
MinimumVisualStudioVersion = 10.0.40219.1
Project("{9A19103F-16F7-4668-BE54-9A1E7A4F7556}") = "TexasBar.Razor", "TexasBar\TexasBar.Razor.csproj", "{3EA555E3-B42B-49E7-9DE9-EB75BBE52FB4}"
EndProject
Project("{9A19103F-16F7-4668-BE54-9A1E7A4F7556}") = "Texas.CoreTests", "TexasTestProject\Texas.CoreTests.csproj", "{608A7665-102C-4C88-B5D8-1A2E6AA9930F}"
EndProject
Project("{9A19103F-16F7-4668-BE54-9A1E7A4F7556}") = "SharedUtility", "SharedUtility\SharedUtility.csproj", "{181F6D9F-34C0-4D2B-8A59-41D1C8ED8DC6}"
EndProject
Project("{2150E333-8FDC-42A3-9474-1A3956D46DE8}") = "Core", "Core", "{50A1594B-25D3-4607-A778-19A1DC0D77ED}"
EndProject
Project("{2150E333-8FDC-42A3-9474-1A3956D46DE8}") = "Docs", "Docs", "{6A00AB00-5500-4F2B-BE10-772C07AEB832}"
	ProjectSection(SolutionItems) = preProject
		dbscaffold.txt = dbscaffold.txt
	EndProjectSection
EndProject
Project("{9A19103F-16F7-4668-BE54-9A1E7A4F7556}") = "TexasBar.Application", "TexasBar.Application\TexasBar.Application.csproj", "{91178348-ECEB-4D43-8992-0853E2D8B365}"
EndProject
Project("{2150E333-8FDC-42A3-9474-1A3956D46DE8}") = "Infrastructure", "Infrastructure", "{4ABD5C96-2BDE-4715-9515-B6E38CD90418}"
EndProject
Project("{9A19103F-16F7-4668-BE54-9A1E7A4F7556}") = "TexasBar.Infrastructure", "TexasBar.Infrastructure\TexasBar.Infrastructure.csproj", "{104E7CCF-02B4-4952-80DA-AD40B32FACED}"
EndProject
Project("{9A19103F-16F7-4668-BE54-9A1E7A4F7556}") = "TexasBar.Persistence", "TexasBar.Persistence\TexasBar.Persistence.csproj", "{047F3CB5-F26B-4C97-A89D-69818FAB04C5}"
EndProject
Project("{9A19103F-16F7-4668-BE54-9A1E7A4F7556}") = "TexasBar.Domain", "TexasBar.Domain\TexasBar.Domain.csproj", "{54DD4384-FF34-416D-B395-36ACDA383790}"
EndProject
Project("{2150E333-8FDC-42A3-9474-1A3956D46DE8}") = "Presentation", "Presentation", "{14213CCD-2605-4C07-AAFB-12AB357BFE46}"
EndProject
Project("{2150E333-8FDC-42A3-9474-1A3956D46DE8}") = "Tests", "Tests", "{86734EDF-5B5A-4008-B037-DA351B377A9A}"
EndProject
Project("{2150E333-8FDC-42A3-9474-1A3956D46DE8}") = "Common", "Common", "{16D13AE8-5E83-439A-9550-F1C109B8F7E0}"
EndProject
Project("{2150E333-8FDC-42A3-9474-1A3956D46DE8}") = "Src", "Src", "{D5F8DFF0-DE4E-48D6-8BFC-DE3C05EDF2EA}"
EndProject
Project("{9A19103F-16F7-4668-BE54-9A1E7A4F7556}") = "TexasBar.UIFUnctionalTests", "TexasBar.UIFUnctionalTests\TexasBar.UIFUnctionalTests.csproj", "{6CDBA26A-47CA-47D7-8942-893A2E7484CC}"
EndProject
Project("{9A19103F-16F7-4668-BE54-9A1E7A4F7556}") = "TexasBar.AWSLambda", "TexasBar.AWSLambda\TexasBar.AWSLambda.csproj", "{147A2F7D-D547-4C6E-9487-3E844A37286D}"
EndProject
Project("{9A19103F-16F7-4668-BE54-9A1E7A4F7556}") = "TexasBar.WebApp", "TexasBar.WebApp\TexasBar.WebApp.csproj", "{82386953-EED2-48D2-982A-282AE4DD1329}"
EndProject
Global
	GlobalSection(SolutionConfigurationPlatforms) = preSolution
		Debug|Any CPU = Debug|Any CPU
		Release|Any CPU = Release|Any CPU
	EndGlobalSection
	GlobalSection(ProjectConfigurationPlatforms) = postSolution
		{3EA555E3-B42B-49E7-9DE9-EB75BBE52FB4}.Debug|Any CPU.ActiveCfg = Debug|Any CPU
		{3EA555E3-B42B-49E7-9DE9-EB75BBE52FB4}.Debug|Any CPU.Build.0 = Debug|Any CPU
		{3EA555E3-B42B-49E7-9DE9-EB75BBE52FB4}.Release|Any CPU.ActiveCfg = Release|Any CPU
		{3EA555E3-B42B-49E7-9DE9-EB75BBE52FB4}.Release|Any CPU.Build.0 = Release|Any CPU
		{608A7665-102C-4C88-B5D8-1A2E6AA9930F}.Debug|Any CPU.ActiveCfg = Debug|Any CPU
		{608A7665-102C-4C88-B5D8-1A2E6AA9930F}.Debug|Any CPU.Build.0 = Debug|Any CPU
		{608A7665-102C-4C88-B5D8-1A2E6AA9930F}.Release|Any CPU.ActiveCfg = Release|Any CPU
		{608A7665-102C-4C88-B5D8-1A2E6AA9930F}.Release|Any CPU.Build.0 = Release|Any CPU
		{181F6D9F-34C0-4D2B-8A59-41D1C8ED8DC6}.Debug|Any CPU.ActiveCfg = Debug|Any CPU
		{181F6D9F-34C0-4D2B-8A59-41D1C8ED8DC6}.Debug|Any CPU.Build.0 = Debug|Any CPU
		{181F6D9F-34C0-4D2B-8A59-41D1C8ED8DC6}.Release|Any CPU.ActiveCfg = Release|Any CPU
		{181F6D9F-34C0-4D2B-8A59-41D1C8ED8DC6}.Release|Any CPU.Build.0 = Release|Any CPU
		{91178348-ECEB-4D43-8992-0853E2D8B365}.Debug|Any CPU.ActiveCfg = Debug|Any CPU
		{91178348-ECEB-4D43-8992-0853E2D8B365}.Debug|Any CPU.Build.0 = Debug|Any CPU
		{91178348-ECEB-4D43-8992-0853E2D8B365}.Release|Any CPU.ActiveCfg = Release|Any CPU
		{91178348-ECEB-4D43-8992-0853E2D8B365}.Release|Any CPU.Build.0 = Release|Any CPU
		{104E7CCF-02B4-4952-80DA-AD40B32FACED}.Debug|Any CPU.ActiveCfg = Debug|Any CPU
		{104E7CCF-02B4-4952-80DA-AD40B32FACED}.Debug|Any CPU.Build.0 = Debug|Any CPU
		{104E7CCF-02B4-4952-80DA-AD40B32FACED}.Release|Any CPU.ActiveCfg = Release|Any CPU
		{104E7CCF-02B4-4952-80DA-AD40B32FACED}.Release|Any CPU.Build.0 = Release|Any CPU
		{047F3CB5-F26B-4C97-A89D-69818FAB04C5}.Debug|Any CPU.ActiveCfg = Debug|Any CPU
		{047F3CB5-F26B-4C97-A89D-69818FAB04C5}.Debug|Any CPU.Build.0 = Debug|Any CPU
		{047F3CB5-F26B-4C97-A89D-69818FAB04C5}.Release|Any CPU.ActiveCfg = Release|Any CPU
		{047F3CB5-F26B-4C97-A89D-69818FAB04C5}.Release|Any CPU.Build.0 = Release|Any CPU
		{54DD4384-FF34-416D-B395-36ACDA383790}.Debug|Any CPU.ActiveCfg = Debug|Any CPU
		{54DD4384-FF34-416D-B395-36ACDA383790}.Debug|Any CPU.Build.0 = Debug|Any CPU
		{54DD4384-FF34-416D-B395-36ACDA383790}.Release|Any CPU.ActiveCfg = Release|Any CPU
		{54DD4384-FF34-416D-B395-36ACDA383790}.Release|Any CPU.Build.0 = Release|Any CPU
		{6CDBA26A-47CA-47D7-8942-893A2E7484CC}.Debug|Any CPU.ActiveCfg = Debug|Any CPU
		{6CDBA26A-47CA-47D7-8942-893A2E7484CC}.Debug|Any CPU.Build.0 = Debug|Any CPU
		{6CDBA26A-47CA-47D7-8942-893A2E7484CC}.Release|Any CPU.ActiveCfg = Release|Any CPU
		{6CDBA26A-47CA-47D7-8942-893A2E7484CC}.Release|Any CPU.Build.0 = Release|Any CPU
		{147A2F7D-D547-4C6E-9487-3E844A37286D}.Debug|Any CPU.ActiveCfg = Debug|Any CPU
		{147A2F7D-D547-4C6E-9487-3E844A37286D}.Debug|Any CPU.Build.0 = Debug|Any CPU
		{147A2F7D-D547-4C6E-9487-3E844A37286D}.Release|Any CPU.ActiveCfg = Release|Any CPU
		{147A2F7D-D547-4C6E-9487-3E844A37286D}.Release|Any CPU.Build.0 = Release|Any CPU
		{82386953-EED2-48D2-982A-282AE4DD1329}.Debug|Any CPU.ActiveCfg = Debug|Any CPU
		{82386953-EED2-48D2-982A-282AE4DD1329}.Debug|Any CPU.Build.0 = Debug|Any CPU
		{82386953-EED2-48D2-982A-282AE4DD1329}.Release|Any CPU.ActiveCfg = Release|Any CPU
		{82386953-EED2-48D2-982A-282AE4DD1329}.Release|Any CPU.Build.0 = Release|Any CPU
	EndGlobalSection
	GlobalSection(SolutionProperties) = preSolution
		HideSolutionNode = FALSE
	EndGlobalSection
	GlobalSection(NestedProjects) = preSolution
		{3EA555E3-B42B-49E7-9DE9-EB75BBE52FB4} = {14213CCD-2605-4C07-AAFB-12AB357BFE46}
		{608A7665-102C-4C88-B5D8-1A2E6AA9930F} = {86734EDF-5B5A-4008-B037-DA351B377A9A}
		{181F6D9F-34C0-4D2B-8A59-41D1C8ED8DC6} = {16D13AE8-5E83-439A-9550-F1C109B8F7E0}
		{50A1594B-25D3-4607-A778-19A1DC0D77ED} = {D5F8DFF0-DE4E-48D6-8BFC-DE3C05EDF2EA}
		{91178348-ECEB-4D43-8992-0853E2D8B365} = {50A1594B-25D3-4607-A778-19A1DC0D77ED}
		{4ABD5C96-2BDE-4715-9515-B6E38CD90418} = {D5F8DFF0-DE4E-48D6-8BFC-DE3C05EDF2EA}
		{104E7CCF-02B4-4952-80DA-AD40B32FACED} = {4ABD5C96-2BDE-4715-9515-B6E38CD90418}
		{047F3CB5-F26B-4C97-A89D-69818FAB04C5} = {4ABD5C96-2BDE-4715-9515-B6E38CD90418}
		{54DD4384-FF34-416D-B395-36ACDA383790} = {50A1594B-25D3-4607-A778-19A1DC0D77ED}
		{14213CCD-2605-4C07-AAFB-12AB357BFE46} = {D5F8DFF0-DE4E-48D6-8BFC-DE3C05EDF2EA}
		{16D13AE8-5E83-439A-9550-F1C109B8F7E0} = {D5F8DFF0-DE4E-48D6-8BFC-DE3C05EDF2EA}
		{6CDBA26A-47CA-47D7-8942-893A2E7484CC} = {86734EDF-5B5A-4008-B037-DA351B377A9A}
		{147A2F7D-D547-4C6E-9487-3E844A37286D} = {4ABD5C96-2BDE-4715-9515-B6E38CD90418}
		{82386953-EED2-48D2-982A-282AE4DD1329} = {14213CCD-2605-4C07-AAFB-12AB357BFE46}
	EndGlobalSection
	GlobalSection(ExtensibilityGlobals) = postSolution
		SolutionGuid = {994F8FEE-21D8-4986-ACFA-5C8388BB1DCA}
	EndGlobalSection
EndGlobal
